
Microsoft Visual Studio Solution File, Format Version 12.00
# Visual Studio 2012
Project("{FAE04EC0-301F-11D3-BF4B-00C04F79EFBC}") = "StoreOnLine", "StoreOnLine\StoreOnLine.csproj", "{3B561301-1E9B-4B97-9F68-888FE66F031C}"
EndProject
Project("{FAE04EC0-301F-11D3-BF4B-00C04F79EFBC}") = "StoreOnLine.DataBase", "StoreOnLine.DataBase\StoreOnLine.DataBase.csproj", "{888F27BC-B38C-486F-98A2-ECE55AE6B349}"
EndProject
Project("{FAE04EC0-301F-11D3-BF4B-00C04F79EFBC}") = "StoreOnLine.Domain", "StoreOnLine.Domain\StoreOnLine.Domain.csproj", "{B02E95C4-77A6-4E83-9B2C-F3C8BC7D9510}"
EndProject
Project("{FAE04EC0-301F-11D3-BF4B-00C04F79EFBC}") = "StoreOnLine.Tests", "StoreOnLine.Tests\StoreOnLine.Tests.csproj", "{1F781F91-61C6-47C5-9470-2EBC933D7E50}"
EndProject
Project("{FAE04EC0-301F-11D3-BF4B-00C04F79EFBC}") = "StoreOnLine.Util", "StoreOnLine.Util\StoreOnLine.Util.csproj", "{D81AA3AC-7E3C-4FCB-AC24-E6D9B1E5D28B}"
EndProject
Project("{2150E333-8FDC-42A3-9474-1A3956D46DE8}") = "Solution Items", "Solution Items", "{61237E9B-19B2-4E35-AECC-9F066E9A3796}"
	ProjectSection(SolutionItems) = preProject
		Notas.txt = Notas.txt
	EndProjectSection
EndProject
Project("{FAE04EC0-301F-11D3-BF4B-00C04F79EFBC}") = "StoreOnLine.Service", "StoreOnLine.Service\StoreOnLine.Service.csproj", "{AF343CE3-3CAC-4AB4-90BF-1F5FF73BF2D7}"
EndProject
Global
	GlobalSection(SolutionConfigurationPlatforms) = preSolution
		Debug|Any CPU = Debug|Any CPU
		Release|Any CPU = Release|Any CPU
	EndGlobalSection
	GlobalSection(ProjectConfigurationPlatforms) = postSolution
		{3B561301-1E9B-4B97-9F68-888FE66F031C}.Debug|Any CPU.ActiveCfg = Debug|Any CPU
		{3B561301-1E9B-4B97-9F68-888FE66F031C}.Debug|Any CPU.Build.0 = Debug|Any CPU
		{3B561301-1E9B-4B97-9F68-888FE66F031C}.Release|Any CPU.ActiveCfg = Release|Any CPU
		{3B561301-1E9B-4B97-9F68-888FE66F031C}.Release|Any CPU.Build.0 = Release|Any CPU
		{888F27BC-B38C-486F-98A2-ECE55AE6B349}.Debug|Any CPU.ActiveCfg = Debug|Any CPU
		{888F27BC-B38C-486F-98A2-ECE55AE6B349}.Debug|Any CPU.Build.0 = Debug|Any CPU
		{888F27BC-B38C-486F-98A2-ECE55AE6B349}.Release|Any CPU.ActiveCfg = Release|Any CPU
		{888F27BC-B38C-486F-98A2-ECE55AE6B349}.Release|Any CPU.Build.0 = Release|Any CPU
		{B02E95C4-77A6-4E83-9B2C-F3C8BC7D9510}.Debug|Any CPU.ActiveCfg = Debug|Any CPU
		{B02E95C4-77A6-4E83-9B2C-F3C8BC7D9510}.Debug|Any CPU.Build.0 = Debug|Any CPU
		{B02E95C4-77A6-4E83-9B2C-F3C8BC7D9510}.Release|Any CPU.ActiveCfg = Release|Any CPU
		{B02E95C4-77A6-4E83-9B2C-F3C8BC7D9510}.Release|Any CPU.Build.0 = Release|Any CPU
		{1F781F91-61C6-47C5-9470-2EBC933D7E50}.Debug|Any CPU.ActiveCfg = Debug|Any CPU
		{1F781F91-61C6-47C5-9470-2EBC933D7E50}.Debug|Any CPU.Build.0 = Debug|Any CPU
		{1F781F91-61C6-47C5-9470-2EBC933D7E50}.Release|Any CPU.ActiveCfg = Release|Any CPU
		{1F781F91-61C6-47C5-9470-2EBC933D7E50}.Release|Any CPU.Build.0 = Release|Any CPU
		{D81AA3AC-7E3C-4FCB-AC24-E6D9B1E5D28B}.Debug|Any CPU.ActiveCfg = Debug|Any CPU
		{D81AA3AC-7E3C-4FCB-AC24-E6D9B1E5D28B}.Debug|Any CPU.Build.0 = Debug|Any CPU
		{D81AA3AC-7E3C-4FCB-AC24-E6D9B1E5D28B}.Release|Any CPU.ActiveCfg = Release|Any CPU
		{D81AA3AC-7E3C-4FCB-AC24-E6D9B1E5D28B}.Release|Any CPU.Build.0 = Release|Any CPU
		{AF343CE3-3CAC-4AB4-90BF-1F5FF73BF2D7}.Debug|Any CPU.ActiveCfg = Debug|Any CPU
		{AF343CE3-3CAC-4AB4-90BF-1F5FF73BF2D7}.Debug|Any CPU.Build.0 = Debug|Any CPU
		{AF343CE3-3CAC-4AB4-90BF-1F5FF73BF2D7}.Release|Any CPU.ActiveCfg = Release|Any CPU
		{AF343CE3-3CAC-4AB4-90BF-1F5FF73BF2D7}.Release|Any CPU.Build.0 = Release|Any CPU
	EndGlobalSection
	GlobalSection(SolutionProperties) = preSolution
		HideSolutionNode = FALSE
	EndGlobalSection
EndGlobal
